
Microsoft Visual Studio Solution File, Format Version 12.00
# Visual Studio 14
VisualStudioVersion = 14.0.25420.1
MinimumVisualStudioVersion = 10.0.40219.1
Project("{FAE04EC0-301F-11D3-BF4B-00C04F79EFBC}") = "SeafClient", "SeafClient\SeafClient.csproj", "{D3B1E98F-16CD-4A9F-86C9-E6292117619E}"
EndProject
Project("{FAE04EC0-301F-11D3-BF4B-00C04F79EFBC}") = "SeafClient.Tests", "SeafClient.Tests\SeafClient.Tests.csproj", "{6EA26510-9FD1-4F63-9639-E8F32413AEF5}"
EndProject
Project("{2150E333-8FDC-42A3-9474-1A3956D46DE8}") = "Samples", "Samples", "{4F20BAA1-F76E-47AE-A3D6-2A1A9614738C}"
EndProject
Project("{FAE04EC0-301F-11D3-BF4B-00C04F79EFBC}") = "SeafConsole", "Samples\SeafConsole\SeafConsole.csproj", "{AE20190A-E6D9-4F2A-982E-F5BF1CA77CD2}"
EndProject
Global
	GlobalSection(SolutionConfigurationPlatforms) = preSolution
		Debug|Any CPU = Debug|Any CPU
		Debug|ARM = Debug|ARM
		Debug|x64 = Debug|x64
		Debug|x86 = Debug|x86
		Release|Any CPU = Release|Any CPU
		Release|ARM = Release|ARM
		Release|x64 = Release|x64
		Release|x86 = Release|x86
	EndGlobalSection
	GlobalSection(ProjectConfigurationPlatforms) = postSolution
		{D3B1E98F-16CD-4A9F-86C9-E6292117619E}.Debug|Any CPU.ActiveCfg = Debug|Any CPU
		{D3B1E98F-16CD-4A9F-86C9-E6292117619E}.Debug|Any CPU.Build.0 = Debug|Any CPU
		{D3B1E98F-16CD-4A9F-86C9-E6292117619E}.Debug|ARM.ActiveCfg = Debug|Any CPU
		{D3B1E98F-16CD-4A9F-86C9-E6292117619E}.Debug|ARM.Build.0 = Debug|Any CPU
		{D3B1E98F-16CD-4A9F-86C9-E6292117619E}.Debug|x64.ActiveCfg = Debug|Any CPU
		{D3B1E98F-16CD-4A9F-86C9-E6292117619E}.Debug|x64.Build.0 = Debug|Any CPU
		{D3B1E98F-16CD-4A9F-86C9-E6292117619E}.Debug|x86.ActiveCfg = Debug|Any CPU
		{D3B1E98F-16CD-4A9F-86C9-E6292117619E}.Debug|x86.Build.0 = Debug|Any CPU
		{D3B1E98F-16CD-4A9F-86C9-E6292117619E}.Release|Any CPU.ActiveCfg = Release|Any CPU
		{D3B1E98F-16CD-4A9F-86C9-E6292117619E}.Release|Any CPU.Build.0 = Release|Any CPU
		{D3B1E98F-16CD-4A9F-86C9-E6292117619E}.Release|ARM.ActiveCfg = Release|Any CPU
		{D3B1E98F-16CD-4A9F-86C9-E6292117619E}.Release|ARM.Build.0 = Release|Any CPU
		{D3B1E98F-16CD-4A9F-86C9-E6292117619E}.Release|x64.ActiveCfg = Release|Any CPU
		{D3B1E98F-16CD-4A9F-86C9-E6292117619E}.Release|x64.Build.0 = Release|Any CPU
		{D3B1E98F-16CD-4A9F-86C9-E6292117619E}.Release|x86.ActiveCfg = Release|Any CPU
		{D3B1E98F-16CD-4A9F-86C9-E6292117619E}.Release|x86.Build.0 = Release|Any CPU
		{6EA26510-9FD1-4F63-9639-E8F32413AEF5}.Debug|Any CPU.ActiveCfg = Debug|Any CPU
		{6EA26510-9FD1-4F63-9639-E8F32413AEF5}.Debug|Any CPU.Build.0 = Debug|Any CPU
		{6EA26510-9FD1-4F63-9639-E8F32413AEF5}.Debug|ARM.ActiveCfg = Debug|Any CPU
		{6EA26510-9FD1-4F63-9639-E8F32413AEF5}.Debug|ARM.Build.0 = Debug|Any CPU
		{6EA26510-9FD1-4F63-9639-E8F32413AEF5}.Debug|x64.ActiveCfg = Debug|Any CPU
		{6EA26510-9FD1-4F63-9639-E8F32413AEF5}.Debug|x64.Build.0 = Debug|Any CPU
		{6EA26510-9FD1-4F63-9639-E8F32413AEF5}.Debug|x86.ActiveCfg = Debug|Any CPU
		{6EA26510-9FD1-4F63-9639-E8F32413AEF5}.Debug|x86.Build.0 = Debug|Any CPU
		{6EA26510-9FD1-4F63-9639-E8F32413AEF5}.Release|Any CPU.ActiveCfg = Release|Any CPU
		{6EA26510-9FD1-4F63-9639-E8F32413AEF5}.Release|Any CPU.Build.0 = Release|Any CPU
		{6EA26510-9FD1-4F63-9639-E8F32413AEF5}.Release|ARM.ActiveCfg = Release|Any CPU
		{6EA26510-9FD1-4F63-9639-E8F32413AEF5}.Release|ARM.Build.0 = Release|Any CPU
		{6EA26510-9FD1-4F63-9639-E8F32413AEF5}.Release|x64.ActiveCfg = Release|Any CPU
		{6EA26510-9FD1-4F63-9639-E8F32413AEF5}.Release|x64.Build.0 = Release|Any CPU
		{6EA26510-9FD1-4F63-9639-E8F32413AEF5}.Release|x86.ActiveCfg = Release|Any CPU
		{6EA26510-9FD1-4F63-9639-E8F32413AEF5}.Release|x86.Build.0 = Release|Any CPU
		{AE20190A-E6D9-4F2A-982E-F5BF1CA77CD2}.Debug|Any CPU.ActiveCfg = Debug|Any CPU
		{AE20190A-E6D9-4F2A-982E-F5BF1CA77CD2}.Debug|Any CPU.Build.0 = Debug|Any CPU
		{AE20190A-E6D9-4F2A-982E-F5BF1CA77CD2}.Debug|ARM.ActiveCfg = Debug|Any CPU
		{AE20190A-E6D9-4F2A-982E-F5BF1CA77CD2}.Debug|ARM.Build.0 = Debug|Any CPU
		{AE20190A-E6D9-4F2A-982E-F5BF1CA77CD2}.Debug|x64.ActiveCfg = Debug|Any CPU
		{AE20190A-E6D9-4F2A-982E-F5BF1CA77CD2}.Debug|x64.Build.0 = Debug|Any CPU
		{AE20190A-E6D9-4F2A-982E-F5BF1CA77CD2}.Debug|x86.ActiveCfg = Debug|Any CPU
		{AE20190A-E6D9-4F2A-982E-F5BF1CA77CD2}.Debug|x86.Build.0 = Debug|Any CPU
		{AE20190A-E6D9-4F2A-982E-F5BF1CA77CD2}.Release|Any CPU.ActiveCfg = Release|Any CPU
		{AE20190A-E6D9-4F2A-982E-F5BF1CA77CD2}.Release|Any CPU.Build.0 = Release|Any CPU
		{AE20190A-E6D9-4F2A-982E-F5BF1CA77CD2}.Release|ARM.ActiveCfg = Release|Any CPU
		{AE20190A-E6D9-4F2A-982E-F5BF1CA77CD2}.Release|ARM.Build.0 = Release|Any CPU
		{AE20190A-E6D9-4F2A-982E-F5BF1CA77CD2}.Release|x64.ActiveCfg = Release|Any CPU
		{AE20190A-E6D9-4F2A-982E-F5BF1CA77CD2}.Release|x64.Build.0 = Release|Any CPU
		{AE20190A-E6D9-4F2A-982E-F5BF1CA77CD2}.Release|x86.ActiveCfg = Release|Any CPU
		{AE20190A-E6D9-4F2A-982E-F5BF1CA77CD2}.Release|x86.Build.0 = Release|Any CPU
	EndGlobalSection
	GlobalSection(SolutionProperties) = preSolution
		HideSolutionNode = FALSE
	EndGlobalSection
	GlobalSection(NestedProjects) = preSolution
		{AE20190A-E6D9-4F2A-982E-F5BF1CA77CD2} = {4F20BAA1-F76E-47AE-A3D6-2A1A9614738C}
	EndGlobalSection
EndGlobal
