
Microsoft Visual Studio Solution File, Format Version 12.00
# Visual Studio 14
VisualStudioVersion = 14.0.23107.0
MinimumVisualStudioVersion = 10.0.40219.1
Project("{FAE04EC0-301F-11D3-BF4B-00C04F79EFBC}") = "SeafClient", "SeafClient\SeafClient.csproj", "{D3B1E98F-16CD-4A9F-86C9-E6292117619E}"
EndProject
Project("{FAE04EC0-301F-11D3-BF4B-00C04F79EFBC}") = "SeafClient.Tests", "SeafClient.Tests\SeafClient.Tests.csproj", "{6EA26510-9FD1-4F63-9639-E8F32413AEF5}"
EndProject
Project("{2150E333-8FDC-42A3-9474-1A3956D46DE8}") = "Samples", "Samples", "{4F20BAA1-F76E-47AE-A3D6-2A1A9614738C}"
EndProject
Project("{FAE04EC0-301F-11D3-BF4B-00C04F79EFBC}") = "SeafConsole", "Samples\SeafConsole\SeafConsole.csproj", "{AE20190A-E6D9-4F2A-982E-F5BF1CA77CD2}"
EndProject
Project("{FAE04EC0-301F-11D3-BF4B-00C04F79EFBC}") = "NugetTest", "Samples\NugetTest\NugetTest.csproj", "{07FA1235-BCE8-4EF8-AB5A-3ECEEDDD6A1A}"
EndProject
Project("{FAE04EC0-301F-11D3-BF4B-00C04F79EFBC}") = "SeafPlayground", "SeafPlayground\SeafPlayground.csproj", "{519D39C6-5038-4CFF-A25D-218B6A29D5B8}"
EndProject
Global
	GlobalSection(SolutionConfigurationPlatforms) = preSolution
		Debug|Any CPU = Debug|Any CPU
		Release|Any CPU = Release|Any CPU
	EndGlobalSection
	GlobalSection(ProjectConfigurationPlatforms) = postSolution
		{D3B1E98F-16CD-4A9F-86C9-E6292117619E}.Debug|Any CPU.ActiveCfg = Debug|Any CPU
		{D3B1E98F-16CD-4A9F-86C9-E6292117619E}.Debug|Any CPU.Build.0 = Debug|Any CPU
		{D3B1E98F-16CD-4A9F-86C9-E6292117619E}.Release|Any CPU.ActiveCfg = Release|Any CPU
		{D3B1E98F-16CD-4A9F-86C9-E6292117619E}.Release|Any CPU.Build.0 = Release|Any CPU
		{6EA26510-9FD1-4F63-9639-E8F32413AEF5}.Debug|Any CPU.ActiveCfg = Debug|Any CPU
		{6EA26510-9FD1-4F63-9639-E8F32413AEF5}.Debug|Any CPU.Build.0 = Debug|Any CPU
		{6EA26510-9FD1-4F63-9639-E8F32413AEF5}.Release|Any CPU.ActiveCfg = Release|Any CPU
		{6EA26510-9FD1-4F63-9639-E8F32413AEF5}.Release|Any CPU.Build.0 = Release|Any CPU
		{AE20190A-E6D9-4F2A-982E-F5BF1CA77CD2}.Debug|Any CPU.ActiveCfg = Debug|Any CPU
		{AE20190A-E6D9-4F2A-982E-F5BF1CA77CD2}.Debug|Any CPU.Build.0 = Debug|Any CPU
		{AE20190A-E6D9-4F2A-982E-F5BF1CA77CD2}.Release|Any CPU.ActiveCfg = Release|Any CPU
		{AE20190A-E6D9-4F2A-982E-F5BF1CA77CD2}.Release|Any CPU.Build.0 = Release|Any CPU
		{07FA1235-BCE8-4EF8-AB5A-3ECEEDDD6A1A}.Debug|Any CPU.ActiveCfg = Debug|Any CPU
		{07FA1235-BCE8-4EF8-AB5A-3ECEEDDD6A1A}.Debug|Any CPU.Build.0 = Debug|Any CPU
		{07FA1235-BCE8-4EF8-AB5A-3ECEEDDD6A1A}.Release|Any CPU.ActiveCfg = Release|Any CPU
		{07FA1235-BCE8-4EF8-AB5A-3ECEEDDD6A1A}.Release|Any CPU.Build.0 = Release|Any CPU
		{519D39C6-5038-4CFF-A25D-218B6A29D5B8}.Debug|Any CPU.ActiveCfg = Debug|Any CPU
		{519D39C6-5038-4CFF-A25D-218B6A29D5B8}.Debug|Any CPU.Build.0 = Debug|Any CPU
		{519D39C6-5038-4CFF-A25D-218B6A29D5B8}.Release|Any CPU.ActiveCfg = Release|Any CPU
		{519D39C6-5038-4CFF-A25D-218B6A29D5B8}.Release|Any CPU.Build.0 = Release|Any CPU
	EndGlobalSection
	GlobalSection(SolutionProperties) = preSolution
		HideSolutionNode = FALSE
	EndGlobalSection
	GlobalSection(NestedProjects) = preSolution
		{AE20190A-E6D9-4F2A-982E-F5BF1CA77CD2} = {4F20BAA1-F76E-47AE-A3D6-2A1A9614738C}
		{07FA1235-BCE8-4EF8-AB5A-3ECEEDDD6A1A} = {4F20BAA1-F76E-47AE-A3D6-2A1A9614738C}
		{519D39C6-5038-4CFF-A25D-218B6A29D5B8} = {4F20BAA1-F76E-47AE-A3D6-2A1A9614738C}
	EndGlobalSection
EndGlobal
